
Microsoft Visual Studio Solution File, Format Version 12.00
# Visual Studio Version 17
VisualStudioVersion = 17.3.32819.101
MinimumVisualStudioVersion = 10.0.40219.1
Project("{FAE04EC0-301F-11D3-BF4B-00C04F79EFBC}") = "HomeWork4", "..\fakk\HomeWork4\HomeWork4\HomeWork4.csproj", "{335792EA-1D9F-451F-B70F-1D33736DF021}"
EndProject
Project("{FAE04EC0-301F-11D3-BF4B-00C04F79EFBC}") = "ClassWork", "..\fakk\HomeWork4\HomeWork4\ClassWork\ClassWork.csproj", "{034FCA98-7470-4F44-BE75-5DF13DD06DEA}"
EndProject
Global
	GlobalSection(SolutionConfigurationPlatforms) = preSolution
		Debug|Any CPU = Debug|Any CPU
		Release|Any CPU = Release|Any CPU
	EndGlobalSection
	GlobalSection(ProjectConfigurationPlatforms) = postSolution
		{335792EA-1D9F-451F-B70F-1D33736DF021}.Debug|Any CPU.ActiveCfg = Debug|Any CPU
		{335792EA-1D9F-451F-B70F-1D33736DF021}.Debug|Any CPU.Build.0 = Debug|Any CPU
		{335792EA-1D9F-451F-B70F-1D33736DF021}.Release|Any CPU.ActiveCfg = Release|Any CPU
		{335792EA-1D9F-451F-B70F-1D33736DF021}.Release|Any CPU.Build.0 = Release|Any CPU
		{034FCA98-7470-4F44-BE75-5DF13DD06DEA}.Debug|Any CPU.ActiveCfg = Debug|Any CPU
		{034FCA98-7470-4F44-BE75-5DF13DD06DEA}.Debug|Any CPU.Build.0 = Debug|Any CPU
		{034FCA98-7470-4F44-BE75-5DF13DD06DEA}.Release|Any CPU.ActiveCfg = Release|Any CPU
		{034FCA98-7470-4F44-BE75-5DF13DD06DEA}.Release|Any CPU.Build.0 = Release|Any CPU
	EndGlobalSection
	GlobalSection(SolutionProperties) = preSolution
		HideSolutionNode = FALSE
	EndGlobalSection
	GlobalSection(ExtensibilityGlobals) = postSolution
		SolutionGuid = {ABDC3F47-D95F-4F9B-B281-3BBA812DC76A}
	EndGlobalSection
EndGlobal
